
Microsoft Visual Studio Solution File, Format Version 12.00
# Visual Studio Version 16
VisualStudioVersion = 16.0.31019.35
MinimumVisualStudioVersion = 10.0.40219.1
Project("{FAE04EC0-301F-11D3-BF4B-00C04F79EFBC}") = "GrpcServer", "GrpcServer.csproj", "{FF619B27-DA55-4288-B9B7-45403CD66F6C}"
EndProject
Project("{FAE04EC0-301F-11D3-BF4B-00C04F79EFBC}") = "GrpcClient", "..\GrpcClient\GrpcClient.csproj", "{1430452A-BC2D-4085-A059-D3C8F52D37B9}"
EndProject
Global
	GlobalSection(SolutionConfigurationPlatforms) = preSolution
		Debug|Any CPU = Debug|Any CPU
		Release|Any CPU = Release|Any CPU
	EndGlobalSection
	GlobalSection(ProjectConfigurationPlatforms) = postSolution
		{FF619B27-DA55-4288-B9B7-45403CD66F6C}.Debug|Any CPU.ActiveCfg = Debug|Any CPU
		{FF619B27-DA55-4288-B9B7-45403CD66F6C}.Debug|Any CPU.Build.0 = Debug|Any CPU
		{FF619B27-DA55-4288-B9B7-45403CD66F6C}.Release|Any CPU.ActiveCfg = Release|Any CPU
		{FF619B27-DA55-4288-B9B7-45403CD66F6C}.Release|Any CPU.Build.0 = Release|Any CPU
		{1430452A-BC2D-4085-A059-D3C8F52D37B9}.Debug|Any CPU.ActiveCfg = Debug|Any CPU
		{1430452A-BC2D-4085-A059-D3C8F52D37B9}.Debug|Any CPU.Build.0 = Debug|Any CPU
		{1430452A-BC2D-4085-A059-D3C8F52D37B9}.Release|Any CPU.ActiveCfg = Release|Any CPU
		{1430452A-BC2D-4085-A059-D3C8F52D37B9}.Release|Any CPU.Build.0 = Release|Any CPU
	EndGlobalSection
	GlobalSection(SolutionProperties) = preSolution
		HideSolutionNode = FALSE
	EndGlobalSection
	GlobalSection(ExtensibilityGlobals) = postSolution
		SolutionGuid = {69D2A90E-4A0F-488A-B8E5-6DAB4FFB8585}
	EndGlobalSection
EndGlobal
